// !$*UTF8*$!
{
	archiveVersion = 1;
	classes = {
	};
	objectVersion = 50;
	objects = {

/* Begin PBXBuildFile section */
		DB4C9A9425D2E0A900CF85A1 /* logic.swift in Sources */ = {isa = PBXBuildFile; fileRef = DB4C9A9325D2E0A900CF85A1 /* logic.swift */; };
		DBBA052B25CB08FD00775827 /* AppDelegate.swift in Sources */ = {isa = PBXBuildFile; fileRef = DBBA052A25CB08FD00775827 /* AppDelegate.swift */; };
		DBBA052D25CB08FD00775827 /* ViewController.swift in Sources */ = {isa = PBXBuildFile; fileRef = DBBA052C25CB08FD00775827 /* ViewController.swift */; };
		DBBA052F25CB08FD00775827 /* Assets.xcassets in Resources */ = {isa = PBXBuildFile; fileRef = DBBA052E25CB08FD00775827 /* Assets.xcassets */; };
		DBBA053225CB08FD00775827 /* Main.storyboard in Resources */ = {isa = PBXBuildFile; fileRef = DBBA053025CB08FD00775827 /* Main.storyboard */; };
		DBBA053C25CB09BB00775827 /* allKeys.swift in Sources */ = {isa = PBXBuildFile; fileRef = DBBA053B25CB09BB00775827 /* allKeys.swift */; };
/* End PBXBuildFile section */

/* Begin PBXFileReference section */
		DB0B380D2322E78E00838665 /* main.swift */ = {isa = PBXFileReference; lastKnownFileType = sourcecode.swift; path = main.swift; sourceTree = "<group>"; };
		DB0B38142322E7B100838665 /* allKeys.swift */ = {isa = PBXFileReference; lastKnownFileType = sourcecode.swift; path = allKeys.swift; sourceTree = "<group>"; };
		DB4C9A9325D2E0A900CF85A1 /* logic.swift */ = {isa = PBXFileReference; lastKnownFileType = sourcecode.swift; path = logic.swift; sourceTree = "<group>"; };
		DBBA051425CB083B00775827 /* AppApp.swift */ = {isa = PBXFileReference; lastKnownFileType = sourcecode.swift; path = AppApp.swift; sourceTree = "<group>"; };
		DBBA051625CB083B00775827 /* ContentView.swift */ = {isa = PBXFileReference; lastKnownFileType = sourcecode.swift; path = ContentView.swift; sourceTree = "<group>"; };
		DBBA051825CB083C00775827 /* Assets.xcassets */ = {isa = PBXFileReference; lastKnownFileType = folder.assetcatalog; path = Assets.xcassets; sourceTree = "<group>"; };
		DBBA051B25CB083C00775827 /* Preview Assets.xcassets */ = {isa = PBXFileReference; lastKnownFileType = folder.assetcatalog; path = "Preview Assets.xcassets"; sourceTree = "<group>"; };
		DBBA051D25CB083C00775827 /* Info.plist */ = {isa = PBXFileReference; lastKnownFileType = text.plist.xml; path = Info.plist; sourceTree = "<group>"; };
		DBBA051E25CB083C00775827 /* App.entitlements */ = {isa = PBXFileReference; lastKnownFileType = text.plist.entitlements; path = App.entitlements; sourceTree = "<group>"; };
		DBBA052825CB08FD00775827 /* ButterflyFixer.app */ = {isa = PBXFileReference; explicitFileType = wrapper.application; includeInIndex = 0; path = ButterflyFixer.app; sourceTree = BUILT_PRODUCTS_DIR; };
		DBBA052A25CB08FD00775827 /* AppDelegate.swift */ = {isa = PBXFileReference; lastKnownFileType = sourcecode.swift; path = AppDelegate.swift; sourceTree = "<group>"; };
		DBBA052C25CB08FD00775827 /* ViewController.swift */ = {isa = PBXFileReference; lastKnownFileType = sourcecode.swift; path = ViewController.swift; sourceTree = "<group>"; };
		DBBA052E25CB08FD00775827 /* Assets.xcassets */ = {isa = PBXFileReference; lastKnownFileType = folder.assetcatalog; path = Assets.xcassets; sourceTree = "<group>"; };
		DBBA053125CB08FD00775827 /* Base */ = {isa = PBXFileReference; lastKnownFileType = file.storyboard; name = Base; path = Base.lproj/Main.storyboard; sourceTree = "<group>"; };
		DBBA053325CB08FD00775827 /* Info.plist */ = {isa = PBXFileReference; lastKnownFileType = text.plist.xml; path = Info.plist; sourceTree = "<group>"; };
		DBBA053425CB08FD00775827 /* App2.entitlements */ = {isa = PBXFileReference; lastKnownFileType = text.plist.entitlements; path = App2.entitlements; sourceTree = "<group>"; };
		DBBA053B25CB09BB00775827 /* allKeys.swift */ = {isa = PBXFileReference; lastKnownFileType = sourcecode.swift; path = allKeys.swift; sourceTree = "<group>"; };
/* End PBXFileReference section */

/* Begin PBXFrameworksBuildPhase section */
		DBBA052525CB08FD00775827 /* Frameworks */ = {
			isa = PBXFrameworksBuildPhase;
			buildActionMask = 2147483647;
			files = (
			);
			runOnlyForDeploymentPostprocessing = 0;
		};
/* End PBXFrameworksBuildPhase section */

/* Begin PBXGroup section */
		DB0B38012322E78E00838665 = {
			isa = PBXGroup;
			children = (
				DB0B380C2322E78E00838665 /* ButteflyFixer */,
				DBBA051325CB083B00775827 /* App */,
				DBBA052925CB08FD00775827 /* App2 */,
				DB0B380B2322E78E00838665 /* Products */,
			);
			sourceTree = "<group>";
		};
		DB0B380B2322E78E00838665 /* Products */ = {
			isa = PBXGroup;
			children = (
				DBBA052825CB08FD00775827 /* ButterflyFixer.app */,
			);
			name = Products;
			sourceTree = "<group>";
		};
		DB0B380C2322E78E00838665 /* ButteflyFixer */ = {
			isa = PBXGroup;
			children = (
				DB0B380D2322E78E00838665 /* main.swift */,
				DB0B38142322E7B100838665 /* allKeys.swift */,
			);
			path = ButteflyFixer;
			sourceTree = "<group>";
		};
		DBBA051325CB083B00775827 /* App */ = {
			isa = PBXGroup;
			children = (
				DBBA051425CB083B00775827 /* AppApp.swift */,
				DBBA051625CB083B00775827 /* ContentView.swift */,
				DBBA051825CB083C00775827 /* Assets.xcassets */,
				DBBA051D25CB083C00775827 /* Info.plist */,
				DBBA051E25CB083C00775827 /* App.entitlements */,
				DBBA051A25CB083C00775827 /* Preview Content */,
			);
			path = App;
			sourceTree = "<group>";
		};
		DBBA051A25CB083C00775827 /* Preview Content */ = {
			isa = PBXGroup;
			children = (
				DBBA051B25CB083C00775827 /* Preview Assets.xcassets */,
			);
			path = "Preview Content";
			sourceTree = "<group>";
		};
		DBBA052925CB08FD00775827 /* App2 */ = {
			isa = PBXGroup;
			children = (
				DBBA052A25CB08FD00775827 /* AppDelegate.swift */,
				DBBA052C25CB08FD00775827 /* ViewController.swift */,
				DBBA052E25CB08FD00775827 /* Assets.xcassets */,
				DBBA053025CB08FD00775827 /* Main.storyboard */,
				DBBA053325CB08FD00775827 /* Info.plist */,
				DBBA053425CB08FD00775827 /* App2.entitlements */,
				DBBA053B25CB09BB00775827 /* allKeys.swift */,
				DB4C9A9325D2E0A900CF85A1 /* logic.swift */,
			);
			path = App2;
			sourceTree = "<group>";
		};
/* End PBXGroup section */

/* Begin PBXNativeTarget section */
		DBBA052725CB08FD00775827 /* ButterflyFixer */ = {
			isa = PBXNativeTarget;
			buildConfigurationList = DBBA053525CB08FD00775827 /* Build configuration list for PBXNativeTarget "ButterflyFixer" */;
			buildPhases = (
				DBBA052425CB08FD00775827 /* Sources */,
				DBBA052525CB08FD00775827 /* Frameworks */,
				DBBA052625CB08FD00775827 /* Resources */,
			);
			buildRules = (
			);
			dependencies = (
			);
			name = ButterflyFixer;
			productName = App2;
			productReference = DBBA052825CB08FD00775827 /* ButterflyFixer.app */;
			productType = "com.apple.product-type.application";
		};
/* End PBXNativeTarget section */

/* Begin PBXProject section */
		DB0B38022322E78E00838665 /* Project object */ = {
			isa = PBXProject;
			attributes = {
				LastSwiftUpdateCheck = 1240;
				LastUpgradeCheck = 1030;
				ORGANIZATIONNAME = "Vadym Holoveichuk";
				TargetAttributes = {
					DBBA052725CB08FD00775827 = {
						CreatedOnToolsVersion = 12.4;
					};
				};
			};
			buildConfigurationList = DB0B38052322E78E00838665 /* Build configuration list for PBXProject "ButteflyFixer" */;
			compatibilityVersion = "Xcode 9.3";
			developmentRegion = en;
			hasScannedForEncodings = 0;
			knownRegions = (
				en,
				Base,
			);
			mainGroup = DB0B38012322E78E00838665;
			productRefGroup = DB0B380B2322E78E00838665 /* Products */;
			projectDirPath = "";
			projectRoot = "";
			targets = (
				DBBA052725CB08FD00775827 /* ButterflyFixer */,
			);
		};
/* End PBXProject section */

/* Begin PBXResourcesBuildPhase section */
		DBBA052625CB08FD00775827 /* Resources */ = {
			isa = PBXResourcesBuildPhase;
			buildActionMask = 2147483647;
			files = (
				DBBA052F25CB08FD00775827 /* Assets.xcassets in Resources */,
				DBBA053225CB08FD00775827 /* Main.storyboard in Resources */,
			);
			runOnlyForDeploymentPostprocessing = 0;
		};
/* End PBXResourcesBuildPhase section */

/* Begin PBXSourcesBuildPhase section */
		DBBA052425CB08FD00775827 /* Sources */ = {
			isa = PBXSourcesBuildPhase;
			buildActionMask = 2147483647;
			files = (
				DB4C9A9425D2E0A900CF85A1 /* logic.swift in Sources */,
				DBBA052D25CB08FD00775827 /* ViewController.swift in Sources */,
				DBBA053C25CB09BB00775827 /* allKeys.swift in Sources */,
				DBBA052B25CB08FD00775827 /* AppDelegate.swift in Sources */,
			);
			runOnlyForDeploymentPostprocessing = 0;
		};
/* End PBXSourcesBuildPhase section */

/* Begin PBXVariantGroup section */
		DBBA053025CB08FD00775827 /* Main.storyboard */ = {
			isa = PBXVariantGroup;
			children = (
				DBBA053125CB08FD00775827 /* Base */,
			);
			name = Main.storyboard;
			sourceTree = "<group>";
		};
/* End PBXVariantGroup section */

/* Begin XCBuildConfiguration section */
		DB0B380F2322E78E00838665 /* Debug */ = {
			isa = XCBuildConfiguration;
			buildSettings = {
				ALWAYS_SEARCH_USER_PATHS = NO;
				CLANG_ANALYZER_NONNULL = YES;
				CLANG_ANALYZER_NUMBER_OBJECT_CONVERSION = YES_AGGRESSIVE;
				CLANG_CXX_LANGUAGE_STANDARD = "gnu++14";
				CLANG_CXX_LIBRARY = "libc++";
				CLANG_ENABLE_MODULES = YES;
				CLANG_ENABLE_OBJC_ARC = YES;
				CLANG_ENABLE_OBJC_WEAK = YES;
				CLANG_WARN_BLOCK_CAPTURE_AUTORELEASING = YES;
				CLANG_WARN_BOOL_CONVERSION = YES;
				CLANG_WARN_COMMA = YES;
				CLANG_WARN_CONSTANT_CONVERSION = YES;
				CLANG_WARN_DEPRECATED_OBJC_IMPLEMENTATIONS = YES;
				CLANG_WARN_DIRECT_OBJC_ISA_USAGE = YES_ERROR;
				CLANG_WARN_DOCUMENTATION_COMMENTS = YES;
				CLANG_WARN_EMPTY_BODY = YES;
				CLANG_WARN_ENUM_CONVERSION = YES;
				CLANG_WARN_INFINITE_RECURSION = YES;
				CLANG_WARN_INT_CONVERSION = YES;
				CLANG_WARN_NON_LITERAL_NULL_CONVERSION = YES;
				CLANG_WARN_OBJC_IMPLICIT_RETAIN_SELF = YES;
				CLANG_WARN_OBJC_LITERAL_CONVERSION = YES;
				CLANG_WARN_OBJC_ROOT_CLASS = YES_ERROR;
				CLANG_WARN_RANGE_LOOP_ANALYSIS = YES;
				CLANG_WARN_STRICT_PROTOTYPES = YES;
				CLANG_WARN_SUSPICIOUS_MOVE = YES;
				CLANG_WARN_UNGUARDED_AVAILABILITY = YES_AGGRESSIVE;
				CLANG_WARN_UNREACHABLE_CODE = YES;
				CLANG_WARN__DUPLICATE_METHOD_MATCH = YES;
				CODE_SIGN_IDENTITY = "-";
				COPY_PHASE_STRIP = NO;
				DEBUG_INFORMATION_FORMAT = dwarf;
				ENABLE_STRICT_OBJC_MSGSEND = YES;
				ENABLE_TESTABILITY = YES;
				GCC_C_LANGUAGE_STANDARD = gnu11;
				GCC_DYNAMIC_NO_PIC = NO;
				GCC_NO_COMMON_BLOCKS = YES;
				GCC_OPTIMIZATION_LEVEL = 0;
				GCC_PREPROCESSOR_DEFINITIONS = (
					"DEBUG=1",
					"$(inherited)",
				);
				GCC_WARN_64_TO_32_BIT_CONVERSION = YES;
				GCC_WARN_ABOUT_RETURN_TYPE = YES_ERROR;
				GCC_WARN_UNDECLARED_SELECTOR = YES;
				GCC_WARN_UNINITIALIZED_AUTOS = YES_AGGRESSIVE;
				GCC_WARN_UNUSED_FUNCTION = YES;
				GCC_WARN_UNUSED_VARIABLE = YES;
				MACOSX_DEPLOYMENT_TARGET = 10.14;
				MTL_ENABLE_DEBUG_INFO = INCLUDE_SOURCE;
				MTL_FAST_MATH = YES;
				ONLY_ACTIVE_ARCH = YES;
				SDKROOT = macosx;
				SWIFT_ACTIVE_COMPILATION_CONDITIONS = DEBUG;
				SWIFT_OPTIMIZATION_LEVEL = "-Onone";
			};
			name = Debug;
		};
		DB0B38102322E78E00838665 /* Release */ = {
			isa = XCBuildConfiguration;
			buildSettings = {
				ALWAYS_SEARCH_USER_PATHS = NO;
				CLANG_ANALYZER_NONNULL = YES;
				CLANG_ANALYZER_NUMBER_OBJECT_CONVERSION = YES_AGGRESSIVE;
				CLANG_CXX_LANGUAGE_STANDARD = "gnu++14";
				CLANG_CXX_LIBRARY = "libc++";
				CLANG_ENABLE_MODULES = YES;
				CLANG_ENABLE_OBJC_ARC = YES;
				CLANG_ENABLE_OBJC_WEAK = YES;
				CLANG_WARN_BLOCK_CAPTURE_AUTORELEASING = YES;
				CLANG_WARN_BOOL_CONVERSION = YES;
				CLANG_WARN_COMMA = YES;
				CLANG_WARN_CONSTANT_CONVERSION = YES;
				CLANG_WARN_DEPRECATED_OBJC_IMPLEMENTATIONS = YES;
				CLANG_WARN_DIRECT_OBJC_ISA_USAGE = YES_ERROR;
				CLANG_WARN_DOCUMENTATION_COMMENTS = YES;
				CLANG_WARN_EMPTY_BODY = YES;
				CLANG_WARN_ENUM_CONVERSION = YES;
				CLANG_WARN_INFINITE_RECURSION = YES;
				CLANG_WARN_INT_CONVERSION = YES;
				CLANG_WARN_NON_LITERAL_NULL_CONVERSION = YES;
				CLANG_WARN_OBJC_IMPLICIT_RETAIN_SELF = YES;
				CLANG_WARN_OBJC_LITERAL_CONVERSION = YES;
				CLANG_WARN_OBJC_ROOT_CLASS = YES_ERROR;
				CLANG_WARN_RANGE_LOOP_ANALYSIS = YES;
				CLANG_WARN_STRICT_PROTOTYPES = YES;
				CLANG_WARN_SUSPICIOUS_MOVE = YES;
				CLANG_WARN_UNGUARDED_AVAILABILITY = YES_AGGRESSIVE;
				CLANG_WARN_UNREACHABLE_CODE = YES;
				CLANG_WARN__DUPLICATE_METHOD_MATCH = YES;
				CODE_SIGN_IDENTITY = "-";
				COPY_PHASE_STRIP = NO;
				DEBUG_INFORMATION_FORMAT = "dwarf-with-dsym";
				ENABLE_NS_ASSERTIONS = NO;
				ENABLE_STRICT_OBJC_MSGSEND = YES;
				GCC_C_LANGUAGE_STANDARD = gnu11;
				GCC_NO_COMMON_BLOCKS = YES;
				GCC_WARN_64_TO_32_BIT_CONVERSION = YES;
				GCC_WARN_ABOUT_RETURN_TYPE = YES_ERROR;
				GCC_WARN_UNDECLARED_SELECTOR = YES;
				GCC_WARN_UNINITIALIZED_AUTOS = YES_AGGRESSIVE;
				GCC_WARN_UNUSED_FUNCTION = YES;
				GCC_WARN_UNUSED_VARIABLE = YES;
				MACOSX_DEPLOYMENT_TARGET = 10.14;
				MTL_ENABLE_DEBUG_INFO = NO;
				MTL_FAST_MATH = YES;
				SDKROOT = macosx;
				SWIFT_COMPILATION_MODE = wholemodule;
				SWIFT_OPTIMIZATION_LEVEL = "-O";
			};
			name = Release;
		};
		DBBA053625CB08FD00775827 /* Debug */ = {
			isa = XCBuildConfiguration;
			buildSettings = {
				ASSETCATALOG_COMPILER_APPICON_NAME = AppIcon;
				ASSETCATALOG_COMPILER_GLOBAL_ACCENT_COLOR_NAME = AccentColor;
				CLANG_WARN_QUOTED_INCLUDE_IN_FRAMEWORK_HEADER = YES;
				CODE_SIGN_ENTITLEMENTS = App2/App2.entitlements;
				CODE_SIGN_STYLE = Automatic;
				COMBINE_HIDPI_IMAGES = YES;
				INFOPLIST_FILE = App2/Info.plist;
				LD_RUNPATH_SEARCH_PATHS = (
					"$(inherited)",
					"@executable_path/../Frameworks",
				);
				MACOSX_DEPLOYMENT_TARGET = 10.15;
				PRODUCT_BUNDLE_IDENTIFIER = goloveychuk.App2;
				PRODUCT_NAME = "$(TARGET_NAME)";
				SWIFT_VERSION = 5.0;
			};
			name = Debug;
		};
		DBBA053725CB08FD00775827 /* Release */ = {
			isa = XCBuildConfiguration;
			buildSettings = {
				ASSETCATALOG_COMPILER_APPICON_NAME = AppIcon;
				ASSETCATALOG_COMPILER_GLOBAL_ACCENT_COLOR_NAME = AccentColor;
				CLANG_WARN_QUOTED_INCLUDE_IN_FRAMEWORK_HEADER = YES;
				CODE_SIGN_ENTITLEMENTS = App2/App2.entitlements;
				CODE_SIGN_STYLE = Automatic;
				COMBINE_HIDPI_IMAGES = YES;
				INFOPLIST_FILE = App2/Info.plist;
				LD_RUNPATH_SEARCH_PATHS = (
					"$(inherited)",
					"@executable_path/../Frameworks",
				);
				MACOSX_DEPLOYMENT_TARGET = 10.15;
				PRODUCT_BUNDLE_IDENTIFIER = goloveychuk.App2;
				PRODUCT_NAME = "$(TARGET_NAME)";
				SWIFT_VERSION = 5.0;
			};
			name = Release;
		};
/* End XCBuildConfiguration section */

/* Begin XCConfigurationList section */
		DB0B38052322E78E00838665 /* Build configuration list for PBXProject "ButteflyFixer" */ = {
			isa = XCConfigurationList;
			buildConfigurations = (
				DB0B380F2322E78E00838665 /* Debug */,
				DB0B38102322E78E00838665 /* Release */,
			);
			defaultConfigurationIsVisible = 0;
			defaultConfigurationName = Release;
		};
		DBBA053525CB08FD00775827 /* Build configuration list for PBXNativeTarget "ButterflyFixer" */ = {
			isa = XCConfigurationList;
			buildConfigurations = (
				DBBA053625CB08FD00775827 /* Debug */,
				DBBA053725CB08FD00775827 /* Release */,
			);
			defaultConfigurationIsVisible = 0;
			defaultConfigurationName = Release;
		};
/* End XCConfigurationList section */
	};
	rootObject = DB0B38022322E78E00838665 /* Project object */;
}
